
Microsoft Visual Studio Solution File, Format Version 12.00
Project("{FAE04EC0-301F-11D3-BF4B-00C04F79EFBC}") = "Stories", "Stories\Stories.csproj", "{9DCC8FA2-26AD-43F3-BA82-CEB0F8235F14}"
EndProject
Global
	GlobalSection(SolutionConfigurationPlatforms) = preSolution
		Debug|Any CPU = Debug|Any CPU
		Release|Any CPU = Release|Any CPU
	EndGlobalSection
	GlobalSection(ProjectConfigurationPlatforms) = postSolution
		{9DCC8FA2-26AD-43F3-BA82-CEB0F8235F14}.Debug|Any CPU.ActiveCfg = Debug|Any CPU
		{9DCC8FA2-26AD-43F3-BA82-CEB0F8235F14}.Debug|Any CPU.Build.0 = Debug|Any CPU
		{9DCC8FA2-26AD-43F3-BA82-CEB0F8235F14}.Release|Any CPU.ActiveCfg = Release|Any CPU
		{9DCC8FA2-26AD-43F3-BA82-CEB0F8235F14}.Release|Any CPU.Build.0 = Release|Any CPU
	EndGlobalSection
EndGlobal
